
Microsoft Visual Studio Solution File, Format Version 12.00
# Visual Studio 2013
VisualStudioVersion = 12.0.40629.0
MinimumVisualStudioVersion = 10.0.40219.1
Project("{FAE04EC0-301F-11D3-BF4B-00C04F79EFBC}") = "TriangleSquare", "TriangleSquare\TriangleSquare.csproj", "{1D069158-5681-4CE4-AEB2-55B9AB93238A}"
EndProject
Project("{FAE04EC0-301F-11D3-BF4B-00C04F79EFBC}") = "Tests", "Tests\Tests.csproj", "{35B45391-7E41-4C36-8630-1BD5113DAF0C}"
EndProject
Project("{2150E333-8FDC-42A3-9474-1A3956D46DE8}") = ".nuget", ".nuget", "{0641B7F7-D198-4387-A3EA-9AEDC2B642C5}"
	ProjectSection(SolutionItems) = preProject
		.nuget\packages.config = .nuget\packages.config
	EndProjectSection
EndProject
Global
	GlobalSection(SolutionConfigurationPlatforms) = preSolution
		Debug|Any CPU = Debug|Any CPU
		Release|Any CPU = Release|Any CPU
	EndGlobalSection
	GlobalSection(ProjectConfigurationPlatforms) = postSolution
		{1D069158-5681-4CE4-AEB2-55B9AB93238A}.Debug|Any CPU.ActiveCfg = Debug|Any CPU
		{1D069158-5681-4CE4-AEB2-55B9AB93238A}.Debug|Any CPU.Build.0 = Debug|Any CPU
		{1D069158-5681-4CE4-AEB2-55B9AB93238A}.Release|Any CPU.ActiveCfg = Release|Any CPU
		{1D069158-5681-4CE4-AEB2-55B9AB93238A}.Release|Any CPU.Build.0 = Release|Any CPU
		{35B45391-7E41-4C36-8630-1BD5113DAF0C}.Debug|Any CPU.ActiveCfg = Debug|Any CPU
		{35B45391-7E41-4C36-8630-1BD5113DAF0C}.Debug|Any CPU.Build.0 = Debug|Any CPU
		{35B45391-7E41-4C36-8630-1BD5113DAF0C}.Release|Any CPU.ActiveCfg = Release|Any CPU
		{35B45391-7E41-4C36-8630-1BD5113DAF0C}.Release|Any CPU.Build.0 = Release|Any CPU
	EndGlobalSection
	GlobalSection(SolutionProperties) = preSolution
		HideSolutionNode = FALSE
	EndGlobalSection
EndGlobal
